// !$*UTF8*$!
{
	archiveVersion = 1;
	classes = {
	};
	objectVersion = 46;
	objects = {

/* Begin PBXBuildFile section */
		D51E3B281C1FD91E00ABFD89 /* main.m in Sources */ = {isa = PBXBuildFile; fileRef = D51E3B271C1FD91E00ABFD89 /* main.m */; };
		D51E3B2B1C1FD91E00ABFD89 /* AppDelegate.m in Sources */ = {isa = PBXBuildFile; fileRef = D51E3B2A1C1FD91E00ABFD89 /* AppDelegate.m */; };
		D51E3B2E1C1FD91E00ABFD89 /* ViewController.m in Sources */ = {isa = PBXBuildFile; fileRef = D51E3B2D1C1FD91E00ABFD89 /* ViewController.m */; };
		D51E3B311C1FD91E00ABFD89 /* Main.storyboard in Resources */ = {isa = PBXBuildFile; fileRef = D51E3B2F1C1FD91E00ABFD89 /* Main.storyboard */; };
		D51E3B331C1FD91E00ABFD89 /* Assets.xcassets in Resources */ = {isa = PBXBuildFile; fileRef = D51E3B321C1FD91E00ABFD89 /* Assets.xcassets */; };
		D51E3B361C1FD91E00ABFD89 /* LaunchScreen.storyboard in Resources */ = {isa = PBXBuildFile; fileRef = D51E3B341C1FD91E00ABFD89 /* LaunchScreen.storyboard */; };
		D51E3B411C1FD91E00ABFD89 /* internationalTests.m in Sources */ = {isa = PBXBuildFile; fileRef = D51E3B401C1FD91E00ABFD89 /* internationalTests.m */; };
		D51E3B4C1C1FD91E00ABFD89 /* internationalUITests.m in Sources */ = {isa = PBXBuildFile; fileRef = D51E3B4B1C1FD91E00ABFD89 /* internationalUITests.m */; };
		D51E3B5F1C1FDA0F00ABFD89 /* InfoPlist.strings in Resources */ = {isa = PBXBuildFile; fileRef = D51E3B611C1FDA0F00ABFD89 /* InfoPlist.strings */; };
		D51E3B781C1FECC000ABFD89 /* Localizable.strings in Resources */ = {isa = PBXBuildFile; fileRef = D51E3B7A1C1FECC000ABFD89 /* Localizable.strings */; };
		D51E3B801C1FEDB000ABFD89 /* a.png in Resources */ = {isa = PBXBuildFile; fileRef = D51E3B821C1FEDB000ABFD89 /* a.png */; };
/* End PBXBuildFile section */

/* Begin PBXContainerItemProxy section */
		D51E3B3D1C1FD91E00ABFD89 /* PBXContainerItemProxy */ = {
			isa = PBXContainerItemProxy;
			containerPortal = D51E3B1B1C1FD91E00ABFD89 /* Project object */;
			proxyType = 1;
			remoteGlobalIDString = D51E3B221C1FD91E00ABFD89;
			remoteInfo = international;
		};
		D51E3B481C1FD91E00ABFD89 /* PBXContainerItemProxy */ = {
			isa = PBXContainerItemProxy;
			containerPortal = D51E3B1B1C1FD91E00ABFD89 /* Project object */;
			proxyType = 1;
			remoteGlobalIDString = D51E3B221C1FD91E00ABFD89;
			remoteInfo = international;
		};
/* End PBXContainerItemProxy section */

/* Begin PBXFileReference section */
		D51E3B231C1FD91E00ABFD89 /* international.app */ = {isa = PBXFileReference; explicitFileType = wrapper.application; includeInIndex = 0; path = international.app; sourceTree = BUILT_PRODUCTS_DIR; };
		D51E3B271C1FD91E00ABFD89 /* main.m */ = {isa = PBXFileReference; lastKnownFileType = sourcecode.c.objc; path = main.m; sourceTree = "<group>"; };
		D51E3B291C1FD91E00ABFD89 /* AppDelegate.h */ = {isa = PBXFileReference; lastKnownFileType = sourcecode.c.h; path = AppDelegate.h; sourceTree = "<group>"; };
		D51E3B2A1C1FD91E00ABFD89 /* AppDelegate.m */ = {isa = PBXFileReference; lastKnownFileType = sourcecode.c.objc; path = AppDelegate.m; sourceTree = "<group>"; };
		D51E3B2C1C1FD91E00ABFD89 /* ViewController.h */ = {isa = PBXFileReference; lastKnownFileType = sourcecode.c.h; path = ViewController.h; sourceTree = "<group>"; };
		D51E3B2D1C1FD91E00ABFD89 /* ViewController.m */ = {isa = PBXFileReference; lastKnownFileType = sourcecode.c.objc; path = ViewController.m; sourceTree = "<group>"; };
		D51E3B301C1FD91E00ABFD89 /* Base */ = {isa = PBXFileReference; lastKnownFileType = file.storyboard; name = Base; path = Base.lproj/Main.storyboard; sourceTree = "<group>"; };
		D51E3B321C1FD91E00ABFD89 /* Assets.xcassets */ = {isa = PBXFileReference; lastKnownFileType = folder.assetcatalog; path = Assets.xcassets; sourceTree = "<group>"; };
		D51E3B351C1FD91E00ABFD89 /* Base */ = {isa = PBXFileReference; lastKnownFileType = file.storyboard; name = Base; path = Base.lproj/LaunchScreen.storyboard; sourceTree = "<group>"; };
		D51E3B371C1FD91E00ABFD89 /* Info.plist */ = {isa = PBXFileReference; lastKnownFileType = text.plist.xml; path = Info.plist; sourceTree = "<group>"; };
		D51E3B3C1C1FD91E00ABFD89 /* internationalTests.xctest */ = {isa = PBXFileReference; explicitFileType = wrapper.cfbundle; includeInIndex = 0; path = internationalTests.xctest; sourceTree = BUILT_PRODUCTS_DIR; };
		D51E3B401C1FD91E00ABFD89 /* internationalTests.m */ = {isa = PBXFileReference; lastKnownFileType = sourcecode.c.objc; path = internationalTests.m; sourceTree = "<group>"; };
		D51E3B421C1FD91E00ABFD89 /* Info.plist */ = {isa = PBXFileReference; lastKnownFileType = text.plist.xml; path = Info.plist; sourceTree = "<group>"; };
		D51E3B471C1FD91E00ABFD89 /* internationalUITests.xctest */ = {isa = PBXFileReference; explicitFileType = wrapper.cfbundle; includeInIndex = 0; path = internationalUITests.xctest; sourceTree = BUILT_PRODUCTS_DIR; };
		D51E3B4B1C1FD91E00ABFD89 /* internationalUITests.m */ = {isa = PBXFileReference; lastKnownFileType = sourcecode.c.objc; path = internationalUITests.m; sourceTree = "<group>"; };
		D51E3B4D1C1FD91E00ABFD89 /* Info.plist */ = {isa = PBXFileReference; lastKnownFileType = text.plist.xml; path = Info.plist; sourceTree = "<group>"; };
		D51E3B591C1FD93A00ABFD89 /* zh-Hans */ = {isa = PBXFileReference; lastKnownFileType = text.plist.strings; name = "zh-Hans"; path = "zh-Hans.lproj/Main.strings"; sourceTree = "<group>"; };
		D51E3B5A1C1FD93A00ABFD89 /* zh-Hans */ = {isa = PBXFileReference; lastKnownFileType = text.plist.strings; name = "zh-Hans"; path = "zh-Hans.lproj/LaunchScreen.strings"; sourceTree = "<group>"; };
		D51E3B5C1C1FD94E00ABFD89 /* en */ = {isa = PBXFileReference; lastKnownFileType = text.plist.strings; name = en; path = en.lproj/Main.strings; sourceTree = "<group>"; };
		D51E3B601C1FDA0F00ABFD89 /* Base */ = {isa = PBXFileReference; lastKnownFileType = text.plist.strings; name = Base; path = Base.lproj/InfoPlist.strings; sourceTree = "<group>"; };
		D51E3B621C1FDA1000ABFD89 /* en */ = {isa = PBXFileReference; lastKnownFileType = text.plist.strings; name = en; path = en.lproj/InfoPlist.strings; sourceTree = "<group>"; };
		D51E3B631C1FDA1200ABFD89 /* zh-Hans */ = {isa = PBXFileReference; lastKnownFileType = text.plist.strings; name = "zh-Hans"; path = "zh-Hans.lproj/InfoPlist.strings"; sourceTree = "<group>"; };
		D51E3B721C1FEA2900ABFD89 /* zh-Hant */ = {isa = PBXFileReference; lastKnownFileType = text.plist.strings; name = "zh-Hant"; path = "zh-Hant.lproj/LaunchScreen.strings"; sourceTree = "<group>"; };
		D51E3B731C1FEA2900ABFD89 /* zh-Hant */ = {isa = PBXFileReference; lastKnownFileType = file.storyboard; name = "zh-Hant"; path = "zh-Hant.lproj/Main.storyboard"; sourceTree = "<group>"; };
		D51E3B741C1FEA2900ABFD89 /* zh-Hant */ = {isa = PBXFileReference; lastKnownFileType = text.plist.strings; name = "zh-Hant"; path = "zh-Hant.lproj/InfoPlist.strings"; sourceTree = "<group>"; };
		D51E3B791C1FECC000ABFD89 /* Base */ = {isa = PBXFileReference; lastKnownFileType = text.plist.strings; name = Base; path = Base.lproj/Localizable.strings; sourceTree = "<group>"; };
		D51E3B7B1C1FECC200ABFD89 /* en */ = {isa = PBXFileReference; lastKnownFileType = text.plist.strings; name = en; path = en.lproj/Localizable.strings; sourceTree = "<group>"; };
		D51E3B7C1C1FECC300ABFD89 /* zh-Hans */ = {isa = PBXFileReference; lastKnownFileType = text.plist.strings; name = "zh-Hans"; path = "zh-Hans.lproj/Localizable.strings"; sourceTree = "<group>"; };
		D51E3B7D1C1FECC500ABFD89 /* zh-Hant */ = {isa = PBXFileReference; lastKnownFileType = text.plist.strings; name = "zh-Hant"; path = "zh-Hant.lproj/Localizable.strings"; sourceTree = "<group>"; };
		D51E3B811C1FEDB000ABFD89 /* Base */ = {isa = PBXFileReference; lastKnownFileType = image.png; name = Base; path = Base.lproj/a.png; sourceTree = "<group>"; };
		D51E3B831C1FEDB200ABFD89 /* en */ = {isa = PBXFileReference; lastKnownFileType = image.png; name = en; path = en.lproj/a.png; sourceTree = "<group>"; };
		D51E3B841C1FEDB300ABFD89 /* zh-Hans */ = {isa = PBXFileReference; lastKnownFileType = image.png; name = "zh-Hans"; path = "zh-Hans.lproj/a.png"; sourceTree = "<group>"; };
		D51E3B851C1FEDB400ABFD89 /* zh-Hant */ = {isa = PBXFileReference; lastKnownFileType = image.png; name = "zh-Hant"; path = "zh-Hant.lproj/a.png"; sourceTree = "<group>"; };
/* End PBXFileReference section */

/* Begin PBXFrameworksBuildPhase section */
		D51E3B201C1FD91E00ABFD89 /* Frameworks */ = {
			isa = PBXFrameworksBuildPhase;
			buildActionMask = 2147483647;
			files = (
			);
			runOnlyForDeploymentPostprocessing = 0;
		};
		D51E3B391C1FD91E00ABFD89 /* Frameworks */ = {
			isa = PBXFrameworksBuildPhase;
			buildActionMask = 2147483647;
			files = (
			);
			runOnlyForDeploymentPostprocessing = 0;
		};
		D51E3B441C1FD91E00ABFD89 /* Frameworks */ = {
			isa = PBXFrameworksBuildPhase;
			buildActionMask = 2147483647;
			files = (
			);
			runOnlyForDeploymentPostprocessing = 0;
		};
/* End PBXFrameworksBuildPhase section */

/* Begin PBXGroup section */
		D51E3B1A1C1FD91E00ABFD89 = {
			isa = PBXGroup;
			children = (
				D51E3B251C1FD91E00ABFD89 /* international */,
				D51E3B3F1C1FD91E00ABFD89 /* internationalTests */,
				D51E3B4A1C1FD91E00ABFD89 /* internationalUITests */,
				D51E3B241C1FD91E00ABFD89 /* Products */,
			);
			sourceTree = "<group>";
		};
		D51E3B241C1FD91E00ABFD89 /* Products */ = {
			isa = PBXGroup;
			children = (
				D51E3B231C1FD91E00ABFD89 /* international.app */,
				D51E3B3C1C1FD91E00ABFD89 /* internationalTests.xctest */,
				D51E3B471C1FD91E00ABFD89 /* internationalUITests.xctest */,
			);
			name = Products;
			sourceTree = "<group>";
		};
		D51E3B251C1FD91E00ABFD89 /* international */ = {
			isa = PBXGroup;
			children = (
				D51E3B821C1FEDB000ABFD89 /* a.png */,
				D51E3B291C1FD91E00ABFD89 /* AppDelegate.h */,
				D51E3B2A1C1FD91E00ABFD89 /* AppDelegate.m */,
				D51E3B2C1C1FD91E00ABFD89 /* ViewController.h */,
				D51E3B2D1C1FD91E00ABFD89 /* ViewController.m */,
				D51E3B2F1C1FD91E00ABFD89 /* Main.storyboard */,
				D51E3B321C1FD91E00ABFD89 /* Assets.xcassets */,
				D51E3B341C1FD91E00ABFD89 /* LaunchScreen.storyboard */,
				D51E3B371C1FD91E00ABFD89 /* Info.plist */,
				D51E3B611C1FDA0F00ABFD89 /* InfoPlist.strings */,
				D51E3B261C1FD91E00ABFD89 /* Supporting Files */,
			);
			path = international;
			sourceTree = "<group>";
		};
		D51E3B261C1FD91E00ABFD89 /* Supporting Files */ = {
			isa = PBXGroup;
			children = (
				D51E3B271C1FD91E00ABFD89 /* main.m */,
				D51E3B7A1C1FECC000ABFD89 /* Localizable.strings */,
			);
			name = "Supporting Files";
			sourceTree = "<group>";
		};
		D51E3B3F1C1FD91E00ABFD89 /* internationalTests */ = {
			isa = PBXGroup;
			children = (
				D51E3B401C1FD91E00ABFD89 /* internationalTests.m */,
				D51E3B421C1FD91E00ABFD89 /* Info.plist */,
			);
			path = internationalTests;
			sourceTree = "<group>";
		};
		D51E3B4A1C1FD91E00ABFD89 /* internationalUITests */ = {
			isa = PBXGroup;
			children = (
				D51E3B4B1C1FD91E00ABFD89 /* internationalUITests.m */,
				D51E3B4D1C1FD91E00ABFD89 /* Info.plist */,
			);
			path = internationalUITests;
			sourceTree = "<group>";
		};
/* End PBXGroup section */

/* Begin PBXNativeTarget section */
		D51E3B221C1FD91E00ABFD89 /* international */ = {
			isa = PBXNativeTarget;
			buildConfigurationList = D51E3B501C1FD91E00ABFD89 /* Build configuration list for PBXNativeTarget "international" */;
			buildPhases = (
				D51E3B1F1C1FD91E00ABFD89 /* Sources */,
				D51E3B201C1FD91E00ABFD89 /* Frameworks */,
				D51E3B211C1FD91E00ABFD89 /* Resources */,
			);
			buildRules = (
			);
			dependencies = (
			);
			name = international;
			productName = international;
			productReference = D51E3B231C1FD91E00ABFD89 /* international.app */;
			productType = "com.apple.product-type.application";
		};
		D51E3B3B1C1FD91E00ABFD89 /* internationalTests */ = {
			isa = PBXNativeTarget;
			buildConfigurationList = D51E3B531C1FD91E00ABFD89 /* Build configuration list for PBXNativeTarget "internationalTests" */;
			buildPhases = (
				D51E3B381C1FD91E00ABFD89 /* Sources */,
				D51E3B391C1FD91E00ABFD89 /* Frameworks */,
				D51E3B3A1C1FD91E00ABFD89 /* Resources */,
			);
			buildRules = (
			);
			dependencies = (
				D51E3B3E1C1FD91E00ABFD89 /* PBXTargetDependency */,
			);
			name = internationalTests;
			productName = internationalTests;
			productReference = D51E3B3C1C1FD91E00ABFD89 /* internationalTests.xctest */;
			productType = "com.apple.product-type.bundle.unit-test";
		};
		D51E3B461C1FD91E00ABFD89 /* internationalUITests */ = {
			isa = PBXNativeTarget;
			buildConfigurationList = D51E3B561C1FD91E00ABFD89 /* Build configuration list for PBXNativeTarget "internationalUITests" */;
			buildPhases = (
				D51E3B431C1FD91E00ABFD89 /* Sources */,
				D51E3B441C1FD91E00ABFD89 /* Frameworks */,
				D51E3B451C1FD91E00ABFD89 /* Resources */,
			);
			buildRules = (
			);
			dependencies = (
				D51E3B491C1FD91E00ABFD89 /* PBXTargetDependency */,
			);
			name = internationalUITests;
			productName = internationalUITests;
			productReference = D51E3B471C1FD91E00ABFD89 /* internationalUITests.xctest */;
			productType = "com.apple.product-type.bundle.ui-testing";
		};
/* End PBXNativeTarget section */

/* Begin PBXProject section */
		D51E3B1B1C1FD91E00ABFD89 /* Project object */ = {
			isa = PBXProject;
			attributes = {
				LastUpgradeCheck = 0720;
				ORGANIZATIONNAME = kuailefu;
				TargetAttributes = {
					D51E3B221C1FD91E00ABFD89 = {
						CreatedOnToolsVersion = 7.2;
					};
					D51E3B3B1C1FD91E00ABFD89 = {
						CreatedOnToolsVersion = 7.2;
						TestTargetID = D51E3B221C1FD91E00ABFD89;
					};
					D51E3B461C1FD91E00ABFD89 = {
						CreatedOnToolsVersion = 7.2;
						TestTargetID = D51E3B221C1FD91E00ABFD89;
					};
				};
			};
			buildConfigurationList = D51E3B1E1C1FD91E00ABFD89 /* Build configuration list for PBXProject "international" */;
			compatibilityVersion = "Xcode 3.2";
			developmentRegion = English;
			hasScannedForEncodings = 0;
			knownRegions = (
				en,
				Base,
				"zh-Hans",
				"zh-Hant",
			);
			mainGroup = D51E3B1A1C1FD91E00ABFD89;
			productRefGroup = D51E3B241C1FD91E00ABFD89 /* Products */;
			projectDirPath = "";
			projectRoot = "";
			targets = (
				D51E3B221C1FD91E00ABFD89 /* international */,
				D51E3B3B1C1FD91E00ABFD89 /* internationalTests */,
				D51E3B461C1FD91E00ABFD89 /* internationalUITests */,
			);
		};
/* End PBXProject section */

/* Begin PBXResourcesBuildPhase section */
		D51E3B211C1FD91E00ABFD89 /* Resources */ = {
			isa = PBXResourcesBuildPhase;
			buildActionMask = 2147483647;
			files = (
				D51E3B781C1FECC000ABFD89 /* Localizable.strings in Resources */,
				D51E3B361C1FD91E00ABFD89 /* LaunchScreen.storyboard in Resources */,
				D51E3B5F1C1FDA0F00ABFD89 /* InfoPlist.strings in Resources */,
				D51E3B801C1FEDB000ABFD89 /* a.png in Resources */,
				D51E3B331C1FD91E00ABFD89 /* Assets.xcassets in Resources */,
				D51E3B311C1FD91E00ABFD89 /* Main.storyboard in Resources */,
			);
			runOnlyForDeploymentPostprocessing = 0;
		};
		D51E3B3A1C1FD91E00ABFD89 /* Resources */ = {
			isa = PBXResourcesBuildPhase;
			buildActionMask = 2147483647;
			files = (
			);
			runOnlyForDeploymentPostprocessing = 0;
		};
		D51E3B451C1FD91E00ABFD89 /* Resources */ = {
			isa = PBXResourcesBuildPhase;
			buildActionMask = 2147483647;
			files = (
			);
			runOnlyForDeploymentPostprocessing = 0;
		};
/* End PBXResourcesBuildPhase section */

/* Begin PBXSourcesBuildPhase section */
		D51E3B1F1C1FD91E00ABFD89 /* Sources */ = {
			isa = PBXSourcesBuildPhase;
			buildActionMask = 2147483647;
			files = (
				D51E3B2E1C1FD91E00ABFD89 /* ViewController.m in Sources */,
				D51E3B2B1C1FD91E00ABFD89 /* AppDelegate.m in Sources */,
				D51E3B281C1FD91E00ABFD89 /* main.m in Sources */,
			);
			runOnlyForDeploymentPostprocessing = 0;
		};
		D51E3B381C1FD91E00ABFD89 /* Sources */ = {
			isa = PBXSourcesBuildPhase;
			buildActionMask = 2147483647;
			files = (
				D51E3B411C1FD91E00ABFD89 /* internationalTests.m in Sources */,
			);
			runOnlyForDeploymentPostprocessing = 0;
		};
		D51E3B431C1FD91E00ABFD89 /* Sources */ = {
			isa = PBXSourcesBuildPhase;
			buildActionMask = 2147483647;
			files = (
				D51E3B4C1C1FD91E00ABFD89 /* internationalUITests.m in Sources */,
			);
			runOnlyForDeploymentPostprocessing = 0;
		};
/* End PBXSourcesBuildPhase section */

/* Begin PBXTargetDependency section */
		D51E3B3E1C1FD91E00ABFD89 /* PBXTargetDependency */ = {
			isa = PBXTargetDependency;
			target = D51E3B221C1FD91E00ABFD89 /* international */;
			targetProxy = D51E3B3D1C1FD91E00ABFD89 /* PBXContainerItemProxy */;
		};
		D51E3B491C1FD91E00ABFD89 /* PBXTargetDependency */ = {
			isa = PBXTargetDependency;
			target = D51E3B221C1FD91E00ABFD89 /* international */;
			targetProxy = D51E3B481C1FD91E00ABFD89 /* PBXContainerItemProxy */;
		};
/* End PBXTargetDependency section */

/* Begin PBXVariantGroup section */
		D51E3B2F1C1FD91E00ABFD89 /* Main.storyboard */ = {
			isa = PBXVariantGroup;
			children = (
				D51E3B301C1FD91E00ABFD89 /* Base */,
				D51E3B591C1FD93A00ABFD89 /* zh-Hans */,
				D51E3B5C1C1FD94E00ABFD89 /* en */,
				D51E3B731C1FEA2900ABFD89 /* zh-Hant */,
			);
			name = Main.storyboard;
			sourceTree = "<group>";
		};
		D51E3B341C1FD91E00ABFD89 /* LaunchScreen.storyboard */ = {
			isa = PBXVariantGroup;
			children = (
				D51E3B351C1FD91E00ABFD89 /* Base */,
				D51E3B5A1C1FD93A00ABFD89 /* zh-Hans */,
				D51E3B721C1FEA2900ABFD89 /* zh-Hant */,
			);
			name = LaunchScreen.storyboard;
			sourceTree = "<group>";
		};
		D51E3B611C1FDA0F00ABFD89 /* InfoPlist.strings */ = {
			isa = PBXVariantGroup;
			children = (
				D51E3B601C1FDA0F00ABFD89 /* Base */,
				D51E3B621C1FDA1000ABFD89 /* en */,
				D51E3B631C1FDA1200ABFD89 /* zh-Hans */,
				D51E3B741C1FEA2900ABFD89 /* zh-Hant */,
			);
			name = InfoPlist.strings;
			sourceTree = "<group>";
		};
		D51E3B7A1C1FECC000ABFD89 /* Localizable.strings */ = {
			isa = PBXVariantGroup;
			children = (
				D51E3B791C1FECC000ABFD89 /* Base */,
				D51E3B7B1C1FECC200ABFD89 /* en */,
				D51E3B7C1C1FECC300ABFD89 /* zh-Hans */,
				D51E3B7D1C1FECC500ABFD89 /* zh-Hant */,
			);
			name = Localizable.strings;
			sourceTree = "<group>";
		};
		D51E3B821C1FEDB000ABFD89 /* a.png */ = {
			isa = PBXVariantGroup;
			children = (
				D51E3B811C1FEDB000ABFD89 /* Base */,
				D51E3B831C1FEDB200ABFD89 /* en */,
				D51E3B841C1FEDB300ABFD89 /* zh-Hans */,
				D51E3B851C1FEDB400ABFD89 /* zh-Hant */,
			);
			name = a.png;
			sourceTree = "<group>";
		};
/* End PBXVariantGroup section */

/* Begin XCBuildConfiguration section */
		D51E3B4E1C1FD91E00ABFD89 /* Debug */ = {
			isa = XCBuildConfiguration;
			buildSettings = {
				ALWAYS_SEARCH_USER_PATHS = NO;
				CLANG_CXX_LANGUAGE_STANDARD = "gnu++0x";
				CLANG_CXX_LIBRARY = "libc++";
				CLANG_ENABLE_MODULES = YES;
				CLANG_ENABLE_OBJC_ARC = YES;
				CLANG_WARN_BOOL_CONVERSION = YES;
				CLANG_WARN_CONSTANT_CONVERSION = YES;
				CLANG_WARN_DIRECT_OBJC_ISA_USAGE = YES_ERROR;
				CLANG_WARN_EMPTY_BODY = YES;
				CLANG_WARN_ENUM_CONVERSION = YES;
				CLANG_WARN_INT_CONVERSION = YES;
				CLANG_WARN_OBJC_ROOT_CLASS = YES_ERROR;
				CLANG_WARN_UNREACHABLE_CODE = YES;
				CLANG_WARN__DUPLICATE_METHOD_MATCH = YES;
				"CODE_SIGN_IDENTITY[sdk=iphoneos*]" = "iPhone Developer";
				COPY_PHASE_STRIP = NO;
				DEBUG_INFORMATION_FORMAT = dwarf;
				ENABLE_STRICT_OBJC_MSGSEND = YES;
				ENABLE_TESTABILITY = YES;
				GCC_C_LANGUAGE_STANDARD = gnu99;
				GCC_DYNAMIC_NO_PIC = NO;
				GCC_NO_COMMON_BLOCKS = YES;
				GCC_OPTIMIZATION_LEVEL = 0;
				GCC_PREPROCESSOR_DEFINITIONS = (
					"DEBUG=1",
					"$(inherited)",
				);
				GCC_WARN_64_TO_32_BIT_CONVERSION = YES;
				GCC_WARN_ABOUT_RETURN_TYPE = YES_ERROR;
				GCC_WARN_UNDECLARED_SELECTOR = YES;
				GCC_WARN_UNINITIALIZED_AUTOS = YES_AGGRESSIVE;
				GCC_WARN_UNUSED_FUNCTION = YES;
				GCC_WARN_UNUSED_VARIABLE = YES;
				IPHONEOS_DEPLOYMENT_TARGET = 9.2;
				MTL_ENABLE_DEBUG_INFO = YES;
				ONLY_ACTIVE_ARCH = YES;
				PROVISIONING_PROFILE = "083b0259-f34c-4aa2-9628-98ec26127162";
				SDKROOT = iphoneos;
			};
			name = Debug;
		};
		D51E3B4F1C1FD91E00ABFD89 /* Release */ = {
			isa = XCBuildConfiguration;
			buildSettings = {
				ALWAYS_SEARCH_USER_PATHS = NO;
				CLANG_CXX_LANGUAGE_STANDARD = "gnu++0x";
				CLANG_CXX_LIBRARY = "libc++";
				CLANG_ENABLE_MODULES = YES;
				CLANG_ENABLE_OBJC_ARC = YES;
				CLANG_WARN_BOOL_CONVERSION = YES;
				CLANG_WARN_CONSTANT_CONVERSION = YES;
				CLANG_WARN_DIRECT_OBJC_ISA_USAGE = YES_ERROR;
				CLANG_WARN_EMPTY_BODY = YES;
				CLANG_WARN_ENUM_CONVERSION = YES;
				CLANG_WARN_INT_CONVERSION = YES;
				CLANG_WARN_OBJC_ROOT_CLASS = YES_ERROR;
				CLANG_WARN_UNREACHABLE_CODE = YES;
				CLANG_WARN__DUPLICATE_METHOD_MATCH = YES;
				"CODE_SIGN_IDENTITY[sdk=iphoneos*]" = "iPhone Developer";
				COPY_PHASE_STRIP = NO;
				DEBUG_INFORMATION_FORMAT = "dwarf-with-dsym";
				ENABLE_NS_ASSERTIONS = NO;
				ENABLE_STRICT_OBJC_MSGSEND = YES;
				GCC_C_LANGUAGE_STANDARD = gnu99;
				GCC_NO_COMMON_BLOCKS = YES;
				GCC_WARN_64_TO_32_BIT_CONVERSION = YES;
				GCC_WARN_ABOUT_RETURN_TYPE = YES_ERROR;
				GCC_WARN_UNDECLARED_SELECTOR = YES;
				GCC_WARN_UNINITIALIZED_AUTOS = YES_AGGRESSIVE;
				GCC_WARN_UNUSED_FUNCTION = YES;
				GCC_WARN_UNUSED_VARIABLE = YES;
				IPHONEOS_DEPLOYMENT_TARGET = 9.2;
				MTL_ENABLE_DEBUG_INFO = NO;
				PROVISIONING_PROFILE = "083b0259-f34c-4aa2-9628-98ec26127162";
				SDKROOT = iphoneos;
				VALIDATE_PRODUCT = YES;
			};
			name = Release;
		};
		D51E3B511C1FD91E00ABFD89 /* Debug */ = {
			isa = XCBuildConfiguration;
			buildSettings = {
				ASSETCATALOG_COMPILER_APPICON_NAME = AppIcon;
				INFOPLIST_FILE = international/Info.plist;
				LD_RUNPATH_SEARCH_PATHS = "$(inherited) @executable_path/Frameworks";
				PRODUCT_BUNDLE_IDENTIFIER = map.international;
				PRODUCT_NAME = "$(TARGET_NAME)";
				PROVISIONING_PROFILE = "083b0259-f34c-4aa2-9628-98ec26127162";
			};
			name = Debug;
		};
		D51E3B521C1FD91E00ABFD89 /* Release */ = {
			isa = XCBuildConfiguration;
			buildSettings = {
				ASSETCATALOG_COMPILER_APPICON_NAME = AppIcon;
				INFOPLIST_FILE = international/Info.plist;
				LD_RUNPATH_SEARCH_PATHS = "$(inherited) @executable_path/Frameworks";
				PRODUCT_BUNDLE_IDENTIFIER = map.international;
				PRODUCT_NAME = "$(TARGET_NAME)";
				PROVISIONING_PROFILE = "083b0259-f34c-4aa2-9628-98ec26127162";
			};
			name = Release;
		};
		D51E3B541C1FD91E00ABFD89 /* Debug */ = {
			isa = XCBuildConfiguration;
			buildSettings = {
				BUNDLE_LOADER = "$(TEST_HOST)";
				INFOPLIST_FILE = internationalTests/Info.plist;
				LD_RUNPATH_SEARCH_PATHS = "$(inherited) @executable_path/Frameworks @loader_path/Frameworks";
				PRODUCT_BUNDLE_IDENTIFIER = map.internationalTests;
				PRODUCT_NAME = "$(TARGET_NAME)";
				TEST_HOST = "$(BUILT_PRODUCTS_DIR)/international.app/international";
			};
			name = Debug;
		};
		D51E3B551C1FD91E00ABFD89 /* Release */ = {
			isa = XCBuildConfiguration;
			buildSettings = {
				BUNDLE_LOADER = "$(TEST_HOST)";
				INFOPLIST_FILE = internationalTests/Info.plist;
				LD_RUNPATH_SEARCH_PATHS = "$(inherited) @executable_path/Frameworks @loader_path/Frameworks";
				PRODUCT_BUNDLE_IDENTIFIER = map.internationalTests;
				PRODUCT_NAME = "$(TARGET_NAME)";
				TEST_HOST = "$(BUILT_PRODUCTS_DIR)/international.app/international";
			};
			name = Release;
		};
		D51E3B571C1FD91E00ABFD89 /* Debug */ = {
			isa = XCBuildConfiguration;
			buildSettings = {
				INFOPLIST_FILE = internationalUITests/Info.plist;
				LD_RUNPATH_SEARCH_PATHS = "$(inherited) @executable_path/Frameworks @loader_path/Frameworks";
				PRODUCT_BUNDLE_IDENTIFIER = map.internationalUITests;
				PRODUCT_NAME = "$(TARGET_NAME)";
				TEST_TARGET_NAME = international;
				USES_XCTRUNNER = YES;
			};
			name = Debug;
		};
		D51E3B581C1FD91E00ABFD89 /* Release */ = {
			isa = XCBuildConfiguration;
			buildSettings = {
				INFOPLIST_FILE = internationalUITests/Info.plist;
				LD_RUNPATH_SEARCH_PATHS = "$(inherited) @executable_path/Frameworks @loader_path/Frameworks";
				PRODUCT_BUNDLE_IDENTIFIER = map.internationalUITests;
				PRODUCT_NAME = "$(TARGET_NAME)";
				TEST_TARGET_NAME = international;
				USES_XCTRUNNER = YES;
			};
			name = Release;
		};
/* End XCBuildConfiguration section */

/* Begin XCConfigurationList section */
		D51E3B1E1C1FD91E00ABFD89 /* Build configuration list for PBXProject "international" */ = {
			isa = XCConfigurationList;
			buildConfigurations = (
				D51E3B4E1C1FD91E00ABFD89 /* Debug */,
				D51E3B4F1C1FD91E00ABFD89 /* Release */,
			);
			defaultConfigurationIsVisible = 0;
			defaultConfigurationName = Release;
		};
		D51E3B501C1FD91E00ABFD89 /* Build configuration list for PBXNativeTarget "international" */ = {
			isa = XCConfigurationList;
			buildConfigurations = (
				D51E3B511C1FD91E00ABFD89 /* Debug */,
				D51E3B521C1FD91E00ABFD89 /* Release */,
			);
			defaultConfigurationIsVisible = 0;
		};
		D51E3B531C1FD91E00ABFD89 /* Build configuration list for PBXNativeTarget "internationalTests" */ = {
			isa = XCConfigurationList;
			buildConfigurations = (
				D51E3B541C1FD91E00ABFD89 /* Debug */,
				D51E3B551C1FD91E00ABFD89 /* Release */,
			);
			defaultConfigurationIsVisible = 0;
		};
		D51E3B561C1FD91E00ABFD89 /* Build configuration list for PBXNativeTarget "internationalUITests" */ = {
			isa = XCConfigurationList;
			buildConfigurations = (
				D51E3B571C1FD91E00ABFD89 /* Debug */,
				D51E3B581C1FD91E00ABFD89 /* Release */,
			);
			defaultConfigurationIsVisible = 0;
		};
/* End XCConfigurationList section */
	};
	rootObject = D51E3B1B1C1FD91E00ABFD89 /* Project object */;
}
